
Microsoft Visual Studio Solution File, Format Version 12.00
# Visual Studio Version 17
VisualStudioVersion = 17.9.34728.123
MinimumVisualStudioVersion = 10.0.40219.1
Project("{9A19103F-16F7-4668-BE54-9A1E7A4F7556}") = "Data", "Data\Data.csproj", "{4FC8FA66-7149-484B-96CA-E45119620BC4}"
EndProject
Project("{9A19103F-16F7-4668-BE54-9A1E7A4F7556}") = "PMAB_PIAB_RESTAPI", "PMAB_PIAB_RESTAPI\PMAB_PIAB_RESTAPI.csproj", "{F826B768-C8FB-4EC9-9A69-774CDCF88C33}"
EndProject
Project("{9A19103F-16F7-4668-BE54-9A1E7A4F7556}") = "Intranet", "Intranet\Intranet.csproj", "{C09D5B81-8182-4AA5-BF85-BE1DCE7B0441}"
EndProject
Project("{9A19103F-16F7-4668-BE54-9A1E7A4F7556}") = "ClientPortal", "ClientPortal\ClientPortal.csproj", "{5598F2DB-A351-4603-9843-4E16609F9095}"
EndProject
Project("{FAE04EC0-301F-11D3-BF4B-00C04F79EFBC}") = "MauiApp1", "MauiApp1\MauiApp1.csproj", "{855BFC65-9555-4901-B825-086953240675}"
EndProject
Global
	GlobalSection(SolutionConfigurationPlatforms) = preSolution
		Debug|Any CPU = Debug|Any CPU
		Debug|ARM = Debug|ARM
		Debug|iPhone = Debug|iPhone
		Debug|iPhoneSimulator = Debug|iPhoneSimulator
		Debug|x64 = Debug|x64
		Debug|x86 = Debug|x86
		Release|Any CPU = Release|Any CPU
		Release|ARM = Release|ARM
		Release|iPhone = Release|iPhone
		Release|iPhoneSimulator = Release|iPhoneSimulator
		Release|x64 = Release|x64
		Release|x86 = Release|x86
	EndGlobalSection
	GlobalSection(ProjectConfigurationPlatforms) = postSolution
		{4FC8FA66-7149-484B-96CA-E45119620BC4}.Debug|Any CPU.ActiveCfg = Debug|Any CPU
		{4FC8FA66-7149-484B-96CA-E45119620BC4}.Debug|Any CPU.Build.0 = Debug|Any CPU
		{4FC8FA66-7149-484B-96CA-E45119620BC4}.Debug|ARM.ActiveCfg = Debug|Any CPU
		{4FC8FA66-7149-484B-96CA-E45119620BC4}.Debug|ARM.Build.0 = Debug|Any CPU
		{4FC8FA66-7149-484B-96CA-E45119620BC4}.Debug|iPhone.ActiveCfg = Debug|Any CPU
		{4FC8FA66-7149-484B-96CA-E45119620BC4}.Debug|iPhone.Build.0 = Debug|Any CPU
		{4FC8FA66-7149-484B-96CA-E45119620BC4}.Debug|iPhoneSimulator.ActiveCfg = Debug|Any CPU
		{4FC8FA66-7149-484B-96CA-E45119620BC4}.Debug|iPhoneSimulator.Build.0 = Debug|Any CPU
		{4FC8FA66-7149-484B-96CA-E45119620BC4}.Debug|x64.ActiveCfg = Debug|Any CPU
		{4FC8FA66-7149-484B-96CA-E45119620BC4}.Debug|x64.Build.0 = Debug|Any CPU
		{4FC8FA66-7149-484B-96CA-E45119620BC4}.Debug|x86.ActiveCfg = Debug|Any CPU
		{4FC8FA66-7149-484B-96CA-E45119620BC4}.Debug|x86.Build.0 = Debug|Any CPU
		{4FC8FA66-7149-484B-96CA-E45119620BC4}.Release|Any CPU.ActiveCfg = Release|Any CPU
		{4FC8FA66-7149-484B-96CA-E45119620BC4}.Release|Any CPU.Build.0 = Release|Any CPU
		{4FC8FA66-7149-484B-96CA-E45119620BC4}.Release|ARM.ActiveCfg = Release|Any CPU
		{4FC8FA66-7149-484B-96CA-E45119620BC4}.Release|ARM.Build.0 = Release|Any CPU
		{4FC8FA66-7149-484B-96CA-E45119620BC4}.Release|iPhone.ActiveCfg = Release|Any CPU
		{4FC8FA66-7149-484B-96CA-E45119620BC4}.Release|iPhone.Build.0 = Release|Any CPU
		{4FC8FA66-7149-484B-96CA-E45119620BC4}.Release|iPhoneSimulator.ActiveCfg = Release|Any CPU
		{4FC8FA66-7149-484B-96CA-E45119620BC4}.Release|iPhoneSimulator.Build.0 = Release|Any CPU
		{4FC8FA66-7149-484B-96CA-E45119620BC4}.Release|x64.ActiveCfg = Release|Any CPU
		{4FC8FA66-7149-484B-96CA-E45119620BC4}.Release|x64.Build.0 = Release|Any CPU
		{4FC8FA66-7149-484B-96CA-E45119620BC4}.Release|x86.ActiveCfg = Release|Any CPU
		{4FC8FA66-7149-484B-96CA-E45119620BC4}.Release|x86.Build.0 = Release|Any CPU
		{F826B768-C8FB-4EC9-9A69-774CDCF88C33}.Debug|Any CPU.ActiveCfg = Debug|Any CPU
		{F826B768-C8FB-4EC9-9A69-774CDCF88C33}.Debug|Any CPU.Build.0 = Debug|Any CPU
		{F826B768-C8FB-4EC9-9A69-774CDCF88C33}.Debug|ARM.ActiveCfg = Debug|Any CPU
		{F826B768-C8FB-4EC9-9A69-774CDCF88C33}.Debug|ARM.Build.0 = Debug|Any CPU
		{F826B768-C8FB-4EC9-9A69-774CDCF88C33}.Debug|iPhone.ActiveCfg = Debug|Any CPU
		{F826B768-C8FB-4EC9-9A69-774CDCF88C33}.Debug|iPhone.Build.0 = Debug|Any CPU
		{F826B768-C8FB-4EC9-9A69-774CDCF88C33}.Debug|iPhoneSimulator.ActiveCfg = Debug|Any CPU
		{F826B768-C8FB-4EC9-9A69-774CDCF88C33}.Debug|iPhoneSimulator.Build.0 = Debug|Any CPU
		{F826B768-C8FB-4EC9-9A69-774CDCF88C33}.Debug|x64.ActiveCfg = Debug|Any CPU
		{F826B768-C8FB-4EC9-9A69-774CDCF88C33}.Debug|x64.Build.0 = Debug|Any CPU
		{F826B768-C8FB-4EC9-9A69-774CDCF88C33}.Debug|x86.ActiveCfg = Debug|Any CPU
		{F826B768-C8FB-4EC9-9A69-774CDCF88C33}.Debug|x86.Build.0 = Debug|Any CPU
		{F826B768-C8FB-4EC9-9A69-774CDCF88C33}.Release|Any CPU.ActiveCfg = Release|Any CPU
		{F826B768-C8FB-4EC9-9A69-774CDCF88C33}.Release|Any CPU.Build.0 = Release|Any CPU
		{F826B768-C8FB-4EC9-9A69-774CDCF88C33}.Release|ARM.ActiveCfg = Release|Any CPU
		{F826B768-C8FB-4EC9-9A69-774CDCF88C33}.Release|ARM.Build.0 = Release|Any CPU
		{F826B768-C8FB-4EC9-9A69-774CDCF88C33}.Release|iPhone.ActiveCfg = Release|Any CPU
		{F826B768-C8FB-4EC9-9A69-774CDCF88C33}.Release|iPhone.Build.0 = Release|Any CPU
		{F826B768-C8FB-4EC9-9A69-774CDCF88C33}.Release|iPhoneSimulator.ActiveCfg = Release|Any CPU
		{F826B768-C8FB-4EC9-9A69-774CDCF88C33}.Release|iPhoneSimulator.Build.0 = Release|Any CPU
		{F826B768-C8FB-4EC9-9A69-774CDCF88C33}.Release|x64.ActiveCfg = Release|Any CPU
		{F826B768-C8FB-4EC9-9A69-774CDCF88C33}.Release|x64.Build.0 = Release|Any CPU
		{F826B768-C8FB-4EC9-9A69-774CDCF88C33}.Release|x86.ActiveCfg = Release|Any CPU
		{F826B768-C8FB-4EC9-9A69-774CDCF88C33}.Release|x86.Build.0 = Release|Any CPU
		{C09D5B81-8182-4AA5-BF85-BE1DCE7B0441}.Debug|Any CPU.ActiveCfg = Debug|Any CPU
		{C09D5B81-8182-4AA5-BF85-BE1DCE7B0441}.Debug|Any CPU.Build.0 = Debug|Any CPU
		{C09D5B81-8182-4AA5-BF85-BE1DCE7B0441}.Debug|ARM.ActiveCfg = Debug|Any CPU
		{C09D5B81-8182-4AA5-BF85-BE1DCE7B0441}.Debug|ARM.Build.0 = Debug|Any CPU
		{C09D5B81-8182-4AA5-BF85-BE1DCE7B0441}.Debug|iPhone.ActiveCfg = Debug|Any CPU
		{C09D5B81-8182-4AA5-BF85-BE1DCE7B0441}.Debug|iPhone.Build.0 = Debug|Any CPU
		{C09D5B81-8182-4AA5-BF85-BE1DCE7B0441}.Debug|iPhoneSimulator.ActiveCfg = Debug|Any CPU
		{C09D5B81-8182-4AA5-BF85-BE1DCE7B0441}.Debug|iPhoneSimulator.Build.0 = Debug|Any CPU
		{C09D5B81-8182-4AA5-BF85-BE1DCE7B0441}.Debug|x64.ActiveCfg = Debug|Any CPU
		{C09D5B81-8182-4AA5-BF85-BE1DCE7B0441}.Debug|x64.Build.0 = Debug|Any CPU
		{C09D5B81-8182-4AA5-BF85-BE1DCE7B0441}.Debug|x86.ActiveCfg = Debug|Any CPU
		{C09D5B81-8182-4AA5-BF85-BE1DCE7B0441}.Debug|x86.Build.0 = Debug|Any CPU
		{C09D5B81-8182-4AA5-BF85-BE1DCE7B0441}.Release|Any CPU.ActiveCfg = Release|Any CPU
		{C09D5B81-8182-4AA5-BF85-BE1DCE7B0441}.Release|Any CPU.Build.0 = Release|Any CPU
		{C09D5B81-8182-4AA5-BF85-BE1DCE7B0441}.Release|ARM.ActiveCfg = Release|Any CPU
		{C09D5B81-8182-4AA5-BF85-BE1DCE7B0441}.Release|ARM.Build.0 = Release|Any CPU
		{C09D5B81-8182-4AA5-BF85-BE1DCE7B0441}.Release|iPhone.ActiveCfg = Release|Any CPU
		{C09D5B81-8182-4AA5-BF85-BE1DCE7B0441}.Release|iPhone.Build.0 = Release|Any CPU
		{C09D5B81-8182-4AA5-BF85-BE1DCE7B0441}.Release|iPhoneSimulator.ActiveCfg = Release|Any CPU
		{C09D5B81-8182-4AA5-BF85-BE1DCE7B0441}.Release|iPhoneSimulator.Build.0 = Release|Any CPU
		{C09D5B81-8182-4AA5-BF85-BE1DCE7B0441}.Release|x64.ActiveCfg = Release|Any CPU
		{C09D5B81-8182-4AA5-BF85-BE1DCE7B0441}.Release|x64.Build.0 = Release|Any CPU
		{C09D5B81-8182-4AA5-BF85-BE1DCE7B0441}.Release|x86.ActiveCfg = Release|Any CPU
		{C09D5B81-8182-4AA5-BF85-BE1DCE7B0441}.Release|x86.Build.0 = Release|Any CPU
		{5598F2DB-A351-4603-9843-4E16609F9095}.Debug|Any CPU.ActiveCfg = Debug|Any CPU
		{5598F2DB-A351-4603-9843-4E16609F9095}.Debug|Any CPU.Build.0 = Debug|Any CPU
		{5598F2DB-A351-4603-9843-4E16609F9095}.Debug|ARM.ActiveCfg = Debug|Any CPU
		{5598F2DB-A351-4603-9843-4E16609F9095}.Debug|ARM.Build.0 = Debug|Any CPU
		{5598F2DB-A351-4603-9843-4E16609F9095}.Debug|iPhone.ActiveCfg = Debug|Any CPU
		{5598F2DB-A351-4603-9843-4E16609F9095}.Debug|iPhone.Build.0 = Debug|Any CPU
		{5598F2DB-A351-4603-9843-4E16609F9095}.Debug|iPhoneSimulator.ActiveCfg = Debug|Any CPU
		{5598F2DB-A351-4603-9843-4E16609F9095}.Debug|iPhoneSimulator.Build.0 = Debug|Any CPU
		{5598F2DB-A351-4603-9843-4E16609F9095}.Debug|x64.ActiveCfg = Debug|Any CPU
		{5598F2DB-A351-4603-9843-4E16609F9095}.Debug|x64.Build.0 = Debug|Any CPU
		{5598F2DB-A351-4603-9843-4E16609F9095}.Debug|x86.ActiveCfg = Debug|Any CPU
		{5598F2DB-A351-4603-9843-4E16609F9095}.Debug|x86.Build.0 = Debug|Any CPU
		{5598F2DB-A351-4603-9843-4E16609F9095}.Release|Any CPU.ActiveCfg = Release|Any CPU
		{5598F2DB-A351-4603-9843-4E16609F9095}.Release|Any CPU.Build.0 = Release|Any CPU
		{5598F2DB-A351-4603-9843-4E16609F9095}.Release|ARM.ActiveCfg = Release|Any CPU
		{5598F2DB-A351-4603-9843-4E16609F9095}.Release|ARM.Build.0 = Release|Any CPU
		{5598F2DB-A351-4603-9843-4E16609F9095}.Release|iPhone.ActiveCfg = Release|Any CPU
		{5598F2DB-A351-4603-9843-4E16609F9095}.Release|iPhone.Build.0 = Release|Any CPU
		{5598F2DB-A351-4603-9843-4E16609F9095}.Release|iPhoneSimulator.ActiveCfg = Release|Any CPU
		{5598F2DB-A351-4603-9843-4E16609F9095}.Release|iPhoneSimulator.Build.0 = Release|Any CPU
		{5598F2DB-A351-4603-9843-4E16609F9095}.Release|x64.ActiveCfg = Release|Any CPU
		{5598F2DB-A351-4603-9843-4E16609F9095}.Release|x64.Build.0 = Release|Any CPU
		{5598F2DB-A351-4603-9843-4E16609F9095}.Release|x86.ActiveCfg = Release|Any CPU
		{5598F2DB-A351-4603-9843-4E16609F9095}.Release|x86.Build.0 = Release|Any CPU
		{855BFC65-9555-4901-B825-086953240675}.Debug|Any CPU.ActiveCfg = Debug|Any CPU
		{855BFC65-9555-4901-B825-086953240675}.Debug|Any CPU.Build.0 = Debug|Any CPU
		{855BFC65-9555-4901-B825-086953240675}.Debug|Any CPU.Deploy.0 = Debug|Any CPU
		{855BFC65-9555-4901-B825-086953240675}.Debug|ARM.ActiveCfg = Debug|Any CPU
		{855BFC65-9555-4901-B825-086953240675}.Debug|ARM.Build.0 = Debug|Any CPU
		{855BFC65-9555-4901-B825-086953240675}.Debug|ARM.Deploy.0 = Debug|Any CPU
		{855BFC65-9555-4901-B825-086953240675}.Debug|iPhone.ActiveCfg = Debug|Any CPU
		{855BFC65-9555-4901-B825-086953240675}.Debug|iPhone.Build.0 = Debug|Any CPU
		{855BFC65-9555-4901-B825-086953240675}.Debug|iPhone.Deploy.0 = Debug|Any CPU
		{855BFC65-9555-4901-B825-086953240675}.Debug|iPhoneSimulator.ActiveCfg = Debug|Any CPU
		{855BFC65-9555-4901-B825-086953240675}.Debug|iPhoneSimulator.Build.0 = Debug|Any CPU
		{855BFC65-9555-4901-B825-086953240675}.Debug|iPhoneSimulator.Deploy.0 = Debug|Any CPU
		{855BFC65-9555-4901-B825-086953240675}.Debug|x64.ActiveCfg = Debug|Any CPU
		{855BFC65-9555-4901-B825-086953240675}.Debug|x64.Build.0 = Debug|Any CPU
		{855BFC65-9555-4901-B825-086953240675}.Debug|x64.Deploy.0 = Debug|Any CPU
		{855BFC65-9555-4901-B825-086953240675}.Debug|x86.ActiveCfg = Debug|Any CPU
		{855BFC65-9555-4901-B825-086953240675}.Debug|x86.Build.0 = Debug|Any CPU
		{855BFC65-9555-4901-B825-086953240675}.Debug|x86.Deploy.0 = Debug|Any CPU
		{855BFC65-9555-4901-B825-086953240675}.Release|Any CPU.ActiveCfg = Release|Any CPU
		{855BFC65-9555-4901-B825-086953240675}.Release|Any CPU.Build.0 = Release|Any CPU
		{855BFC65-9555-4901-B825-086953240675}.Release|Any CPU.Deploy.0 = Release|Any CPU
		{855BFC65-9555-4901-B825-086953240675}.Release|ARM.ActiveCfg = Release|Any CPU
		{855BFC65-9555-4901-B825-086953240675}.Release|ARM.Build.0 = Release|Any CPU
		{855BFC65-9555-4901-B825-086953240675}.Release|ARM.Deploy.0 = Release|Any CPU
		{855BFC65-9555-4901-B825-086953240675}.Release|iPhone.ActiveCfg = Release|Any CPU
		{855BFC65-9555-4901-B825-086953240675}.Release|iPhone.Build.0 = Release|Any CPU
		{855BFC65-9555-4901-B825-086953240675}.Release|iPhone.Deploy.0 = Release|Any CPU
		{855BFC65-9555-4901-B825-086953240675}.Release|iPhoneSimulator.ActiveCfg = Release|Any CPU
		{855BFC65-9555-4901-B825-086953240675}.Release|iPhoneSimulator.Build.0 = Release|Any CPU
		{855BFC65-9555-4901-B825-086953240675}.Release|iPhoneSimulator.Deploy.0 = Release|Any CPU
		{855BFC65-9555-4901-B825-086953240675}.Release|x64.ActiveCfg = Release|Any CPU
		{855BFC65-9555-4901-B825-086953240675}.Release|x64.Build.0 = Release|Any CPU
		{855BFC65-9555-4901-B825-086953240675}.Release|x64.Deploy.0 = Release|Any CPU
		{855BFC65-9555-4901-B825-086953240675}.Release|x86.ActiveCfg = Release|Any CPU
		{855BFC65-9555-4901-B825-086953240675}.Release|x86.Build.0 = Release|Any CPU
		{855BFC65-9555-4901-B825-086953240675}.Release|x86.Deploy.0 = Release|Any CPU
	EndGlobalSection
	GlobalSection(SolutionProperties) = preSolution
		HideSolutionNode = FALSE
	EndGlobalSection
	GlobalSection(ExtensibilityGlobals) = postSolution
		SolutionGuid = {9C509EE7-F700-4B35-BA24-024CED31FF45}
	EndGlobalSection
EndGlobal
